// !$*UTF8*$!
{
	archiveVersion = 1;
	classes = {
	};
	objectVersion = 50;
	objects = {

/* Begin PBXBuildFile section */
		B14E43492200DEF9000F3095 /* APIService.swift in Sources */ = {isa = PBXBuildFile; fileRef = B14E43482200DEF9000F3095 /* APIService.swift */; };
		B15AB7E520C72CEE0004D6B6 /* WeatherCell.swift in Sources */ = {isa = PBXBuildFile; fileRef = B15AB7E420C72CEE0004D6B6 /* WeatherCell.swift */; };
		B16721C520C58BE20086B47A /* AppDelegate.swift in Sources */ = {isa = PBXBuildFile; fileRef = B16721C420C58BE20086B47A /* AppDelegate.swift */; };
		B16721CA20C58BE20086B47A /* Main.storyboard in Resources */ = {isa = PBXBuildFile; fileRef = B16721C820C58BE20086B47A /* Main.storyboard */; };
		B16721CC20C58BE40086B47A /* Assets.xcassets in Resources */ = {isa = PBXBuildFile; fileRef = B16721CB20C58BE40086B47A /* Assets.xcassets */; };
		B16721CF20C58BE40086B47A /* LaunchScreen.storyboard in Resources */ = {isa = PBXBuildFile; fileRef = B16721CD20C58BE40086B47A /* LaunchScreen.storyboard */; };
		B1C30B9A20C5D32600806FF4 /* WeatherData.swift in Sources */ = {isa = PBXBuildFile; fileRef = B1C30B9920C5D32600806FF4 /* WeatherData.swift */; };
		B1C30B9F20C5D71000806FF4 /* MainCollectionViewController.swift in Sources */ = {isa = PBXBuildFile; fileRef = B1C30B9E20C5D71000806FF4 /* MainCollectionViewController.swift */; };
/* End PBXBuildFile section */

/* Begin PBXContainerItemProxy section */
		B16721D620C58BE40086B47A /* PBXContainerItemProxy */ = {
			isa = PBXContainerItemProxy;
			containerPortal = B16721B920C58BE20086B47A /* Project object */;
			proxyType = 1;
			remoteGlobalIDString = B16721C020C58BE20086B47A;
			remoteInfo = PoznanWeather;
		};
/* End PBXContainerItemProxy section */

/* Begin PBXFileReference section */
		B14E43482200DEF9000F3095 /* APIService.swift */ = {isa = PBXFileReference; lastKnownFileType = sourcecode.swift; path = APIService.swift; sourceTree = "<group>"; };
		B15AB7E420C72CEE0004D6B6 /* WeatherCell.swift */ = {isa = PBXFileReference; lastKnownFileType = sourcecode.swift; path = WeatherCell.swift; sourceTree = "<group>"; };
		B16721C120C58BE20086B47A /* PoznanWeather.app */ = {isa = PBXFileReference; explicitFileType = wrapper.application; includeInIndex = 0; path = PoznanWeather.app; sourceTree = BUILT_PRODUCTS_DIR; };
		B16721C420C58BE20086B47A /* AppDelegate.swift */ = {isa = PBXFileReference; lastKnownFileType = sourcecode.swift; path = AppDelegate.swift; sourceTree = "<group>"; };
		B16721C920C58BE20086B47A /* Base */ = {isa = PBXFileReference; lastKnownFileType = file.storyboard; name = Base; path = Base.lproj/Main.storyboard; sourceTree = "<group>"; };
		B16721CB20C58BE40086B47A /* Assets.xcassets */ = {isa = PBXFileReference; lastKnownFileType = folder.assetcatalog; path = Assets.xcassets; sourceTree = "<group>"; };
		B16721CE20C58BE40086B47A /* Base */ = {isa = PBXFileReference; lastKnownFileType = file.storyboard; name = Base; path = Base.lproj/LaunchScreen.storyboard; sourceTree = "<group>"; };
		B16721D020C58BE40086B47A /* Info.plist */ = {isa = PBXFileReference; lastKnownFileType = text.plist.xml; path = Info.plist; sourceTree = "<group>"; };
		B16721D520C58BE40086B47A /* PoznanWeatherTests.xctest */ = {isa = PBXFileReference; explicitFileType = wrapper.cfbundle; includeInIndex = 0; path = PoznanWeatherTests.xctest; sourceTree = BUILT_PRODUCTS_DIR; };
		B16721DB20C58BE40086B47A /* Info.plist */ = {isa = PBXFileReference; lastKnownFileType = text.plist.xml; path = Info.plist; sourceTree = "<group>"; };
		B1C30B9920C5D32600806FF4 /* WeatherData.swift */ = {isa = PBXFileReference; lastKnownFileType = sourcecode.swift; path = WeatherData.swift; sourceTree = "<group>"; };
		B1C30B9E20C5D71000806FF4 /* MainCollectionViewController.swift */ = {isa = PBXFileReference; lastKnownFileType = sourcecode.swift; path = MainCollectionViewController.swift; sourceTree = "<group>"; };
/* End PBXFileReference section */

/* Begin PBXFrameworksBuildPhase section */
		B16721BE20C58BE20086B47A /* Frameworks */ = {
			isa = PBXFrameworksBuildPhase;
			buildActionMask = 2147483647;
			files = (
			);
			runOnlyForDeploymentPostprocessing = 0;
		};
		B16721D220C58BE40086B47A /* Frameworks */ = {
			isa = PBXFrameworksBuildPhase;
			buildActionMask = 2147483647;
			files = (
			);
			runOnlyForDeploymentPostprocessing = 0;
		};
/* End PBXFrameworksBuildPhase section */

/* Begin PBXGroup section */
		B14E43472200DEE8000F3095 /* Commons */ = {
			isa = PBXGroup;
			children = (
				B14E43482200DEF9000F3095 /* APIService.swift */,
			);
			path = Commons;
			sourceTree = "<group>";
		};
		B16721B820C58BE20086B47A = {
			isa = PBXGroup;
			children = (
				B16721C320C58BE20086B47A /* PoznanWeather */,
				B16721D820C58BE40086B47A /* PoznanWeatherTests */,
				B16721C220C58BE20086B47A /* Products */,
			);
			sourceTree = "<group>";
		};
		B16721C220C58BE20086B47A /* Products */ = {
			isa = PBXGroup;
			children = (
				B16721C120C58BE20086B47A /* PoznanWeather.app */,
				B16721D520C58BE40086B47A /* PoznanWeatherTests.xctest */,
			);
			name = Products;
			sourceTree = "<group>";
		};
		B16721C320C58BE20086B47A /* PoznanWeather */ = {
			isa = PBXGroup;
			children = (
				B14E43472200DEE8000F3095 /* Commons */,
				B1C30B9B20C5D32D00806FF4 /* Views */,
				B1C30B9C20C5D33100806FF4 /* Models */,
				B1C30B9D20C5D33900806FF4 /* Controllers */,
				B1C30B9220C5CDAA00806FF4 /* Supporting Files */,
			);
			path = PoznanWeather;
			sourceTree = "<group>";
		};
		B16721D820C58BE40086B47A /* PoznanWeatherTests */ = {
			isa = PBXGroup;
			children = (
				B16721DB20C58BE40086B47A /* Info.plist */,
			);
			path = PoznanWeatherTests;
			sourceTree = "<group>";
		};
		B1C30B9220C5CDAA00806FF4 /* Supporting Files */ = {
			isa = PBXGroup;
			children = (
				B16721D020C58BE40086B47A /* Info.plist */,
				B16721CB20C58BE40086B47A /* Assets.xcassets */,
				B16721C420C58BE20086B47A /* AppDelegate.swift */,
			);
			path = "Supporting Files";
			sourceTree = "<group>";
		};
		B1C30B9B20C5D32D00806FF4 /* Views */ = {
			isa = PBXGroup;
			children = (
				B16721C820C58BE20086B47A /* Main.storyboard */,
				B16721CD20C58BE40086B47A /* LaunchScreen.storyboard */,
				B15AB7E420C72CEE0004D6B6 /* WeatherCell.swift */,
			);
			path = Views;
			sourceTree = "<group>";
		};
		B1C30B9C20C5D33100806FF4 /* Models */ = {
			isa = PBXGroup;
			children = (
				B1C30B9920C5D32600806FF4 /* WeatherData.swift */,
			);
			path = Models;
			sourceTree = "<group>";
		};
		B1C30B9D20C5D33900806FF4 /* Controllers */ = {
			isa = PBXGroup;
			children = (
				B1C30B9E20C5D71000806FF4 /* MainCollectionViewController.swift */,
			);
			path = Controllers;
			sourceTree = "<group>";
		};
/* End PBXGroup section */

/* Begin PBXNativeTarget section */
		B16721C020C58BE20086B47A /* PoznanWeather */ = {
			isa = PBXNativeTarget;
			buildConfigurationList = B16721DE20C58BE40086B47A /* Build configuration list for PBXNativeTarget "PoznanWeather" */;
			buildPhases = (
				B16721BD20C58BE20086B47A /* Sources */,
				B16721BE20C58BE20086B47A /* Frameworks */,
				B16721BF20C58BE20086B47A /* Resources */,
			);
			buildRules = (
			);
			dependencies = (
			);
			name = PoznanWeather;
			productName = PoznanWeather;
			productReference = B16721C120C58BE20086B47A /* PoznanWeather.app */;
			productType = "com.apple.product-type.application";
		};
		B16721D420C58BE40086B47A /* PoznanWeatherTests */ = {
			isa = PBXNativeTarget;
			buildConfigurationList = B16721E120C58BE40086B47A /* Build configuration list for PBXNativeTarget "PoznanWeatherTests" */;
			buildPhases = (
				B16721D120C58BE40086B47A /* Sources */,
				B16721D220C58BE40086B47A /* Frameworks */,
				B16721D320C58BE40086B47A /* Resources */,
			);
			buildRules = (
			);
			dependencies = (
				B16721D720C58BE40086B47A /* PBXTargetDependency */,
			);
			name = PoznanWeatherTests;
			productName = PoznanWeatherTests;
			productReference = B16721D520C58BE40086B47A /* PoznanWeatherTests.xctest */;
			productType = "com.apple.product-type.bundle.unit-test";
		};
/* End PBXNativeTarget section */

/* Begin PBXProject section */
		B16721B920C58BE20086B47A /* Project object */ = {
			isa = PBXProject;
			attributes = {
				LastSwiftUpdateCheck = 0940;
				LastUpgradeCheck = 0940;
				ORGANIZATIONNAME = "Adrian Kwiatkowski";
				TargetAttributes = {
					B16721C020C58BE20086B47A = {
						CreatedOnToolsVersion = 9.4;
						LastSwiftMigration = 1000;
					};
					B16721D420C58BE40086B47A = {
						CreatedOnToolsVersion = 9.4;
						LastSwiftMigration = 1000;
						TestTargetID = B16721C020C58BE20086B47A;
					};
				};
			};
			buildConfigurationList = B16721BC20C58BE20086B47A /* Build configuration list for PBXProject "PoznanWeather" */;
			compatibilityVersion = "Xcode 9.3";
			developmentRegion = en;
			hasScannedForEncodings = 0;
			knownRegions = (
				en,
				Base,
			);
			mainGroup = B16721B820C58BE20086B47A;
			productRefGroup = B16721C220C58BE20086B47A /* Products */;
			projectDirPath = "";
			projectRoot = "";
			targets = (
				B16721C020C58BE20086B47A /* PoznanWeather */,
				B16721D420C58BE40086B47A /* PoznanWeatherTests */,
			);
		};
/* End PBXProject section */

/* Begin PBXResourcesBuildPhase section */
		B16721BF20C58BE20086B47A /* Resources */ = {
			isa = PBXResourcesBuildPhase;
			buildActionMask = 2147483647;
			files = (
				B16721CF20C58BE40086B47A /* LaunchScreen.storyboard in Resources */,
				B16721CC20C58BE40086B47A /* Assets.xcassets in Resources */,
				B16721CA20C58BE20086B47A /* Main.storyboard in Resources */,
			);
			runOnlyForDeploymentPostprocessing = 0;
		};
		B16721D320C58BE40086B47A /* Resources */ = {
			isa = PBXResourcesBuildPhase;
			buildActionMask = 2147483647;
			files = (
			);
			runOnlyForDeploymentPostprocessing = 0;
		};
/* End PBXResourcesBuildPhase section */

/* Begin PBXSourcesBuildPhase section */
		B16721BD20C58BE20086B47A /* Sources */ = {
			isa = PBXSourcesBuildPhase;
			buildActionMask = 2147483647;
			files = (
				B16721C520C58BE20086B47A /* AppDelegate.swift in Sources */,
				B1C30B9F20C5D71000806FF4 /* MainCollectionViewController.swift in Sources */,
				B15AB7E520C72CEE0004D6B6 /* WeatherCell.swift in Sources */,
				B14E43492200DEF9000F3095 /* APIService.swift in Sources */,
				B1C30B9A20C5D32600806FF4 /* WeatherData.swift in Sources */,
			);
			runOnlyForDeploymentPostprocessing = 0;
		};
		B16721D120C58BE40086B47A /* Sources */ = {
			isa = PBXSourcesBuildPhase;
			buildActionMask = 2147483647;
			files = (
			);
			runOnlyForDeploymentPostprocessing = 0;
		};
/* End PBXSourcesBuildPhase section */

/* Begin PBXTargetDependency section */
		B16721D720C58BE40086B47A /* PBXTargetDependency */ = {
			isa = PBXTargetDependency;
			target = B16721C020C58BE20086B47A /* PoznanWeather */;
			targetProxy = B16721D620C58BE40086B47A /* PBXContainerItemProxy */;
		};
/* End PBXTargetDependency section */

/* Begin PBXVariantGroup section */
		B16721C820C58BE20086B47A /* Main.storyboard */ = {
			isa = PBXVariantGroup;
			children = (
				B16721C920C58BE20086B47A /* Base */,
			);
			name = Main.storyboard;
			sourceTree = "<group>";
		};
		B16721CD20C58BE40086B47A /* LaunchScreen.storyboard */ = {
			isa = PBXVariantGroup;
			children = (
				B16721CE20C58BE40086B47A /* Base */,
			);
			name = LaunchScreen.storyboard;
			sourceTree = "<group>";
		};
/* End PBXVariantGroup section */

/* Begin XCBuildConfiguration section */
		B16721DC20C58BE40086B47A /* Debug */ = {
			isa = XCBuildConfiguration;
			buildSettings = {
				ALWAYS_SEARCH_USER_PATHS = NO;
				CLANG_ANALYZER_NONNULL = YES;
				CLANG_ANALYZER_NUMBER_OBJECT_CONVERSION = YES_AGGRESSIVE;
				CLANG_CXX_LANGUAGE_STANDARD = "gnu++14";
				CLANG_CXX_LIBRARY = "libc++";
				CLANG_ENABLE_MODULES = YES;
				CLANG_ENABLE_OBJC_ARC = YES;
				CLANG_ENABLE_OBJC_WEAK = YES;
				CLANG_WARN_BLOCK_CAPTURE_AUTORELEASING = YES;
				CLANG_WARN_BOOL_CONVERSION = YES;
				CLANG_WARN_COMMA = YES;
				CLANG_WARN_CONSTANT_CONVERSION = YES;
				CLANG_WARN_DEPRECATED_OBJC_IMPLEMENTATIONS = YES;
				CLANG_WARN_DIRECT_OBJC_ISA_USAGE = YES_ERROR;
				CLANG_WARN_DOCUMENTATION_COMMENTS = YES;
				CLANG_WARN_EMPTY_BODY = YES;
				CLANG_WARN_ENUM_CONVERSION = YES;
				CLANG_WARN_INFINITE_RECURSION = YES;
				CLANG_WARN_INT_CONVERSION = YES;
				CLANG_WARN_NON_LITERAL_NULL_CONVERSION = YES;
				CLANG_WARN_OBJC_IMPLICIT_RETAIN_SELF = YES;
				CLANG_WARN_OBJC_LITERAL_CONVERSION = YES;
				CLANG_WARN_OBJC_ROOT_CLASS = YES_ERROR;
				CLANG_WARN_RANGE_LOOP_ANALYSIS = YES;
				CLANG_WARN_STRICT_PROTOTYPES = YES;
				CLANG_WARN_SUSPICIOUS_MOVE = YES;
				CLANG_WARN_UNGUARDED_AVAILABILITY = YES_AGGRESSIVE;
				CLANG_WARN_UNREACHABLE_CODE = YES;
				CLANG_WARN__DUPLICATE_METHOD_MATCH = YES;
				CODE_SIGN_IDENTITY = "iPhone Developer";
				COPY_PHASE_STRIP = NO;
				DEBUG_INFORMATION_FORMAT = dwarf;
				ENABLE_STRICT_OBJC_MSGSEND = YES;
				ENABLE_TESTABILITY = YES;
				GCC_C_LANGUAGE_STANDARD = gnu11;
				GCC_DYNAMIC_NO_PIC = NO;
				GCC_NO_COMMON_BLOCKS = YES;
				GCC_OPTIMIZATION_LEVEL = 0;
				GCC_PREPROCESSOR_DEFINITIONS = (
					"DEBUG=1",
					"$(inherited)",
				);
				GCC_WARN_64_TO_32_BIT_CONVERSION = YES;
				GCC_WARN_ABOUT_RETURN_TYPE = YES_ERROR;
				GCC_WARN_UNDECLARED_SELECTOR = YES;
				GCC_WARN_UNINITIALIZED_AUTOS = YES_AGGRESSIVE;
				GCC_WARN_UNUSED_FUNCTION = YES;
				GCC_WARN_UNUSED_VARIABLE = YES;
				IPHONEOS_DEPLOYMENT_TARGET = 11.4;
				MTL_ENABLE_DEBUG_INFO = YES;
				ONLY_ACTIVE_ARCH = YES;
				SDKROOT = iphoneos;
				SWIFT_ACTIVE_COMPILATION_CONDITIONS = DEBUG;
				SWIFT_OPTIMIZATION_LEVEL = "-Onone";
			};
			name = Debug;
		};
		B16721DD20C58BE40086B47A /* Release */ = {
			isa = XCBuildConfiguration;
			buildSettings = {
				ALWAYS_SEARCH_USER_PATHS = NO;
				CLANG_ANALYZER_NONNULL = YES;
				CLANG_ANALYZER_NUMBER_OBJECT_CONVERSION = YES_AGGRESSIVE;
				CLANG_CXX_LANGUAGE_STANDARD = "gnu++14";
				CLANG_CXX_LIBRARY = "libc++";
				CLANG_ENABLE_MODULES = YES;
				CLANG_ENABLE_OBJC_ARC = YES;
				CLANG_ENABLE_OBJC_WEAK = YES;
				CLANG_WARN_BLOCK_CAPTURE_AUTORELEASING = YES;
				CLANG_WARN_BOOL_CONVERSION = YES;
				CLANG_WARN_COMMA = YES;
				CLANG_WARN_CONSTANT_CONVERSION = YES;
				CLANG_WARN_DEPRECATED_OBJC_IMPLEMENTATIONS = YES;
				CLANG_WARN_DIRECT_OBJC_ISA_USAGE = YES_ERROR;
				CLANG_WARN_DOCUMENTATION_COMMENTS = YES;
				CLANG_WARN_EMPTY_BODY = YES;
				CLANG_WARN_ENUM_CONVERSION = YES;
				CLANG_WARN_INFINITE_RECURSION = YES;
				CLANG_WARN_INT_CONVERSION = YES;
				CLANG_WARN_NON_LITERAL_NULL_CONVERSION = YES;
				CLANG_WARN_OBJC_IMPLICIT_RETAIN_SELF = YES;
				CLANG_WARN_OBJC_LITERAL_CONVERSION = YES;
				CLANG_WARN_OBJC_ROOT_CLASS = YES_ERROR;
				CLANG_WARN_RANGE_LOOP_ANALYSIS = YES;
				CLANG_WARN_STRICT_PROTOTYPES = YES;
				CLANG_WARN_SUSPICIOUS_MOVE = YES;
				CLANG_WARN_UNGUARDED_AVAILABILITY = YES_AGGRESSIVE;
				CLANG_WARN_UNREACHABLE_CODE = YES;
				CLANG_WARN__DUPLICATE_METHOD_MATCH = YES;
				CODE_SIGN_IDENTITY = "iPhone Developer";
				COPY_PHASE_STRIP = NO;
				DEBUG_INFORMATION_FORMAT = "dwarf-with-dsym";
				ENABLE_NS_ASSERTIONS = NO;
				ENABLE_STRICT_OBJC_MSGSEND = YES;
				GCC_C_LANGUAGE_STANDARD = gnu11;
				GCC_NO_COMMON_BLOCKS = YES;
				GCC_WARN_64_TO_32_BIT_CONVERSION = YES;
				GCC_WARN_ABOUT_RETURN_TYPE = YES_ERROR;
				GCC_WARN_UNDECLARED_SELECTOR = YES;
				GCC_WARN_UNINITIALIZED_AUTOS = YES_AGGRESSIVE;
				GCC_WARN_UNUSED_FUNCTION = YES;
				GCC_WARN_UNUSED_VARIABLE = YES;
				IPHONEOS_DEPLOYMENT_TARGET = 11.4;
				MTL_ENABLE_DEBUG_INFO = NO;
				SDKROOT = iphoneos;
				SWIFT_COMPILATION_MODE = wholemodule;
				SWIFT_OPTIMIZATION_LEVEL = "-O";
				VALIDATE_PRODUCT = YES;
			};
			name = Release;
		};
		B16721DF20C58BE40086B47A /* Debug */ = {
			isa = XCBuildConfiguration;
			buildSettings = {
				ASSETCATALOG_COMPILER_APPICON_NAME = AppIcon;
				CODE_SIGN_STYLE = Automatic;
				DEVELOPMENT_TEAM = C63X5Q2KR6;
				INFOPLIST_FILE = "$(SRCROOT)/PoznanWeather/Supporting Files/Info.plist";
				LD_RUNPATH_SEARCH_PATHS = (
					"$(inherited)",
					"@executable_path/Frameworks",
				);
				PRODUCT_BUNDLE_IDENTIFIER = "com.adrian-kwiatkowski.PoznanWeather";
				PRODUCT_NAME = "$(TARGET_NAME)";
				SWIFT_VERSION = 4.2;
				TARGETED_DEVICE_FAMILY = 1;
			};
			name = Debug;
		};
		B16721E020C58BE40086B47A /* Release */ = {
			isa = XCBuildConfiguration;
			buildSettings = {
				ASSETCATALOG_COMPILER_APPICON_NAME = AppIcon;
				CODE_SIGN_STYLE = Automatic;
				DEVELOPMENT_TEAM = C63X5Q2KR6;
				INFOPLIST_FILE = "$(SRCROOT)/PoznanWeather/Supporting Files/Info.plist";
				LD_RUNPATH_SEARCH_PATHS = (
					"$(inherited)",
					"@executable_path/Frameworks",
				);
				PRODUCT_BUNDLE_IDENTIFIER = "com.adrian-kwiatkowski.PoznanWeather";
				PRODUCT_NAME = "$(TARGET_NAME)";
				SWIFT_VERSION = 4.2;
				TARGETED_DEVICE_FAMILY = 1;
			};
			name = Release;
		};
		B16721E220C58BE40086B47A /* Debug */ = {
			isa = XCBuildConfiguration;
			buildSettings = {
				ALWAYS_EMBED_SWIFT_STANDARD_LIBRARIES = YES;
				BUNDLE_LOADER = "$(TEST_HOST)";
				CLANG_ENABLE_MODULES = YES;
				CODE_SIGN_STYLE = Automatic;
				DEVELOPMENT_TEAM = C63X5Q2KR6;
				INFOPLIST_FILE = PoznanWeatherTests/Info.plist;
				LD_RUNPATH_SEARCH_PATHS = (
					"$(inherited)",
					"@executable_path/Frameworks",
					"@loader_path/Frameworks",
				);
				PRODUCT_BUNDLE_IDENTIFIER = "com.adrian-kwiatkowski.PoznanWeatherTests";
				PRODUCT_NAME = "$(TARGET_NAME)";
				SWIFT_OPTIMIZATION_LEVEL = "-Onone";
				SWIFT_VERSION = 4.2;
				TARGETED_DEVICE_FAMILY = "1,2";
				TEST_HOST = "$(BUILT_PRODUCTS_DIR)/PoznanWeather.app/PoznanWeather";
			};
			name = Debug;
		};
		B16721E320C58BE40086B47A /* Release */ = {
			isa = XCBuildConfiguration;
			buildSettings = {
				ALWAYS_EMBED_SWIFT_STANDARD_LIBRARIES = YES;
				BUNDLE_LOADER = "$(TEST_HOST)";
				CLANG_ENABLE_MODULES = YES;
				CODE_SIGN_STYLE = Automatic;
				DEVELOPMENT_TEAM = C63X5Q2KR6;
				INFOPLIST_FILE = PoznanWeatherTests/Info.plist;
				LD_RUNPATH_SEARCH_PATHS = (
					"$(inherited)",
					"@executable_path/Frameworks",
					"@loader_path/Frameworks",
				);
				PRODUCT_BUNDLE_IDENTIFIER = "com.adrian-kwiatkowski.PoznanWeatherTests";
				PRODUCT_NAME = "$(TARGET_NAME)";
				SWIFT_VERSION = 4.2;
				TARGETED_DEVICE_FAMILY = "1,2";
				TEST_HOST = "$(BUILT_PRODUCTS_DIR)/PoznanWeather.app/PoznanWeather";
			};
			name = Release;
		};
/* End XCBuildConfiguration section */

/* Begin XCConfigurationList section */
		B16721BC20C58BE20086B47A /* Build configuration list for PBXProject "PoznanWeather" */ = {
			isa = XCConfigurationList;
			buildConfigurations = (
				B16721DC20C58BE40086B47A /* Debug */,
				B16721DD20C58BE40086B47A /* Release */,
			);
			defaultConfigurationIsVisible = 0;
			defaultConfigurationName = Release;
		};
		B16721DE20C58BE40086B47A /* Build configuration list for PBXNativeTarget "PoznanWeather" */ = {
			isa = XCConfigurationList;
			buildConfigurations = (
				B16721DF20C58BE40086B47A /* Debug */,
				B16721E020C58BE40086B47A /* Release */,
			);
			defaultConfigurationIsVisible = 0;
			defaultConfigurationName = Release;
		};
		B16721E120C58BE40086B47A /* Build configuration list for PBXNativeTarget "PoznanWeatherTests" */ = {
			isa = XCConfigurationList;
			buildConfigurations = (
				B16721E220C58BE40086B47A /* Debug */,
				B16721E320C58BE40086B47A /* Release */,
			);
			defaultConfigurationIsVisible = 0;
			defaultConfigurationName = Release;
		};
/* End XCConfigurationList section */
	};
	rootObject = B16721B920C58BE20086B47A /* Project object */;
}
